// !$*UTF8*$!
{
	archiveVersion = 1;
	classes = {
	};
	objectVersion = 56;
	objects = {

/* Begin PBXBuildFile section */
		9431CDC72B47F0C500CB452E /* NavigationView.swift in Sources */ = {isa = PBXBuildFile; fileRef = 9431CDC62B47F0C500CB452E /* NavigationView.swift */; };
		94C2C9A12B46F94000B92CAC /* DOOButton.swift in Sources */ = {isa = PBXBuildFile; fileRef = 94C2C9A02B46F94000B92CAC /* DOOButton.swift */; };
		94C2C9A62B46FE6900B92CAC /* CreateTravelViewController.swift in Sources */ = {isa = PBXBuildFile; fileRef = 94C2C9A52B46FE6900B92CAC /* CreateTravelViewController.swift */; };
		94C2C9AA2B47096200B92CAC /* DatePickerBottomSheetViewController.swift in Sources */ = {isa = PBXBuildFile; fileRef = 94C2C9A92B47096200B92CAC /* DatePickerBottomSheetViewController.swift */; };
		94C2C9AC2B4709A200B92CAC /* CreatingSuccessViewController.swift in Sources */ = {isa = PBXBuildFile; fileRef = 94C2C9AB2B4709A200B92CAC /* CreatingSuccessViewController.swift */; };
		94C2C9AE2B470ACD00B92CAC /* DatePickerView.swift in Sources */ = {isa = PBXBuildFile; fileRef = 94C2C9AD2B470ACD00B92CAC /* DatePickerView.swift */; };
		CA8CD66A2B46B45200CFDFBF /* Pretendard-Black.otf in Resources */ = {isa = PBXBuildFile; fileRef = CA8CD6692B46B45200CFDFBF /* Pretendard-Black.otf */; };
		CA8CD66C2B46B45D00CFDFBF /* Pretendard-Bold.otf in Resources */ = {isa = PBXBuildFile; fileRef = CA8CD66B2B46B45D00CFDFBF /* Pretendard-Bold.otf */; };
		CA8CD66E2B46B46600CFDFBF /* Pretendard-ExtraBold.otf in Resources */ = {isa = PBXBuildFile; fileRef = CA8CD66D2B46B46600CFDFBF /* Pretendard-ExtraBold.otf */; };
		CA8CD6702B46B47600CFDFBF /* Pretendard-ExtraLight.otf in Resources */ = {isa = PBXBuildFile; fileRef = CA8CD66F2B46B47600CFDFBF /* Pretendard-ExtraLight.otf */; };
		CA8CD6722B46B48100CFDFBF /* Pretendard-Light.otf in Resources */ = {isa = PBXBuildFile; fileRef = CA8CD6712B46B48100CFDFBF /* Pretendard-Light.otf */; };
		CA8CD6742B46B48700CFDFBF /* Pretendard-Medium.otf in Resources */ = {isa = PBXBuildFile; fileRef = CA8CD6732B46B48700CFDFBF /* Pretendard-Medium.otf */; };
		CA8CD6762B46B48F00CFDFBF /* Pretendard-Regular.otf in Resources */ = {isa = PBXBuildFile; fileRef = CA8CD6752B46B48F00CFDFBF /* Pretendard-Regular.otf */; };
		CA8CD6782B46B49800CFDFBF /* Pretendard-SemiBold.otf in Resources */ = {isa = PBXBuildFile; fileRef = CA8CD6772B46B49800CFDFBF /* Pretendard-SemiBold.otf */; };
		CA8CD67F2B46B64000CFDFBF /* OurToDoViewController.swift in Sources */ = {isa = PBXBuildFile; fileRef = CA8CD67E2B46B64000CFDFBF /* OurToDoViewController.swift */; };
		CA8CD6812B46B70700CFDFBF /* TripHeaderView.swift in Sources */ = {isa = PBXBuildFile; fileRef = CA8CD6802B46B70700CFDFBF /* TripHeaderView.swift */; };
		CA8CD6832B46B72E00CFDFBF /* TripMiddleView.swift in Sources */ = {isa = PBXBuildFile; fileRef = CA8CD6822B46B72E00CFDFBF /* TripMiddleView.swift */; };
		CA8CD6852B46B7C100CFDFBF /* OurToDoHeaderView.swift in Sources */ = {isa = PBXBuildFile; fileRef = CA8CD6842B46B7C100CFDFBF /* OurToDoHeaderView.swift */; };
		CA8CD6872B46B85A00CFDFBF /* UnderlineSegmentedControlView.swift in Sources */ = {isa = PBXBuildFile; fileRef = CA8CD6862B46B85A00CFDFBF /* UnderlineSegmentedControlView.swift */; };
		CA8CD6892B46B89D00CFDFBF /* ManagerCollectionViewCell.swift in Sources */ = {isa = PBXBuildFile; fileRef = CA8CD6882B46B89D00CFDFBF /* ManagerCollectionViewCell.swift */; };
		CA8CD68B2B46B8CD00CFDFBF /* OurToDoCollectionViewCell.swift in Sources */ = {isa = PBXBuildFile; fileRef = CA8CD68A2B46B8CD00CFDFBF /* OurToDoCollectionViewCell.swift */; };
		CA8CD68D2B46B90000CFDFBF /* TripFriendsCollectionViewCell.swift in Sources */ = {isa = PBXBuildFile; fileRef = CA8CD68C2B46B90000CFDFBF /* TripFriendsCollectionViewCell.swift */; };
		CA8CD68F2B46B96E00CFDFBF /* OurToDoData.swift in Sources */ = {isa = PBXBuildFile; fileRef = CA8CD68E2B46B96E00CFDFBF /* OurToDoData.swift */; };
		CA8CD6912B46B9A100CFDFBF /* FriendProfileData.swift in Sources */ = {isa = PBXBuildFile; fileRef = CA8CD6902B46B9A100CFDFBF /* FriendProfileData.swift */; };
		CA8CD6932B46B9F600CFDFBF /* CreateNavigationBar.swift in Sources */ = {isa = PBXBuildFile; fileRef = CA8CD6922B46B9F600CFDFBF /* CreateNavigationBar.swift */; };
		F484A3852B3EBC2A00197E3C /* UIColor+.swift in Sources */ = {isa = PBXBuildFile; fileRef = F484A3842B3EBC2A00197E3C /* UIColor+.swift */; };
		F49B35282B35E97C0080A19F /* UITextField+.swift in Sources */ = {isa = PBXBuildFile; fileRef = F49B35272B35E97C0080A19F /* UITextField+.swift */; };
		F49B352A2B35E9BD0080A19F /* UIStackView+.swift in Sources */ = {isa = PBXBuildFile; fileRef = F49B35292B35E9BD0080A19F /* UIStackView+.swift */; };
		F49B352C2B35EAF50080A19F /* UIView+.swift in Sources */ = {isa = PBXBuildFile; fileRef = F49B352B2B35EAF50080A19F /* UIView+.swift */; };
		F49B352E2B35EB270080A19F /* CALayer+.swift in Sources */ = {isa = PBXBuildFile; fileRef = F49B352D2B35EB270080A19F /* CALayer+.swift */; };
		F49B35312B35EC760080A19F /* Codable+.swift in Sources */ = {isa = PBXBuildFile; fileRef = F49B35302B35EC760080A19F /* Codable+.swift */; };
		F4BA26F22B42D07000975CC2 /* PersonalInfoWebViewController.swift in Sources */ = {isa = PBXBuildFile; fileRef = F4BA26F12B42D07000975CC2 /* PersonalInfoWebViewController.swift */; };
		F4BA26F52B455A7300975CC2 /* MakeProfileViewController.swift in Sources */ = {isa = PBXBuildFile; fileRef = F4BA26F42B455A7300975CC2 /* MakeProfileViewController.swift */; };
		F4BA26FA2B47198D00975CC2 /* ScreenUtils.swift in Sources */ = {isa = PBXBuildFile; fileRef = F4BA26F92B47198D00975CC2 /* ScreenUtils.swift */; };
		F4BA26FC2B471A1800975CC2 /* Constant.swift in Sources */ = {isa = PBXBuildFile; fileRef = F4BA26FB2B471A1800975CC2 /* Constant.swift */; };
		F4C5E76C2B4283920008735F /* SplashViewController.swift in Sources */ = {isa = PBXBuildFile; fileRef = F4C5E76B2B4283920008735F /* SplashViewController.swift */; };
		F4C5E76E2B4286A50008735F /* ImageLiterals.swift in Sources */ = {isa = PBXBuildFile; fileRef = F4C5E76D2B4286A50008735F /* ImageLiterals.swift */; };
		F4C5E7702B4286EA0008735F /* UIImage+.swift in Sources */ = {isa = PBXBuildFile; fileRef = F4C5E76F2B4286EA0008735F /* UIImage+.swift */; };
		F4C5E7822B429B620008735F /* UIFont+.swift in Sources */ = {isa = PBXBuildFile; fileRef = F4C5E7812B429B620008735F /* UIFont+.swift */; };
		F4C5E7842B42A6830008735F /* UILabel+.swift in Sources */ = {isa = PBXBuildFile; fileRef = F4C5E7832B42A6830008735F /* UILabel+.swift */; };
		F4C5E7862B42A9C80008735F /* LoginViewController.swift in Sources */ = {isa = PBXBuildFile; fileRef = F4C5E7852B42A9C80008735F /* LoginViewController.swift */; };
		F4C5E7882B42AC010008735F /* StringLiterals.swift in Sources */ = {isa = PBXBuildFile; fileRef = F4C5E7872B42AC010008735F /* StringLiterals.swift */; };
		F4F521752B3440D7000E6E1E /* AppDelegate.swift in Sources */ = {isa = PBXBuildFile; fileRef = F4F521742B3440D7000E6E1E /* AppDelegate.swift */; };
		F4F521772B3440D7000E6E1E /* SceneDelegate.swift in Sources */ = {isa = PBXBuildFile; fileRef = F4F521762B3440D7000E6E1E /* SceneDelegate.swift */; };
		F4F521792B3440D7000E6E1E /* ViewController.swift in Sources */ = {isa = PBXBuildFile; fileRef = F4F521782B3440D7000E6E1E /* ViewController.swift */; };
		F4F5217E2B3440DA000E6E1E /* Assets.xcassets in Resources */ = {isa = PBXBuildFile; fileRef = F4F5217D2B3440DA000E6E1E /* Assets.xcassets */; };
		F4F521812B3440DA000E6E1E /* LaunchScreen.storyboard in Resources */ = {isa = PBXBuildFile; fileRef = F4F5217F2B3440DA000E6E1E /* LaunchScreen.storyboard */; };
		F4F5218C2B346373000E6E1E /* UserDefaultToken.swift in Sources */ = {isa = PBXBuildFile; fileRef = F4F5218B2B346373000E6E1E /* UserDefaultToken.swift */; };
		F4F521A72B34733E000E6E1E /* Kingfisher in Frameworks */ = {isa = PBXBuildFile; productRef = F4F521A62B34733E000E6E1E /* Kingfisher */; };
		F4F521AA2B347BF2000E6E1E /* KakaoSDK in Frameworks */ = {isa = PBXBuildFile; productRef = F4F521A92B347BF2000E6E1E /* KakaoSDK */; };
		F4F521AC2B347BF2000E6E1E /* KakaoSDKAuth in Frameworks */ = {isa = PBXBuildFile; productRef = F4F521AB2B347BF2000E6E1E /* KakaoSDKAuth */; };
		F4F521AE2B347BF2000E6E1E /* KakaoSDKCert in Frameworks */ = {isa = PBXBuildFile; productRef = F4F521AD2B347BF2000E6E1E /* KakaoSDKCert */; };
		F4F521B02B347BF2000E6E1E /* KakaoSDKCertCore in Frameworks */ = {isa = PBXBuildFile; productRef = F4F521AF2B347BF2000E6E1E /* KakaoSDKCertCore */; };
		F4F521B22B347BF2000E6E1E /* KakaoSDKCommon in Frameworks */ = {isa = PBXBuildFile; productRef = F4F521B12B347BF2000E6E1E /* KakaoSDKCommon */; };
		F4F521B42B3484B4000E6E1E /* Config.swift in Sources */ = {isa = PBXBuildFile; fileRef = F4F521B32B3484B4000E6E1E /* Config.swift */; };
		F4F521BE2B34A091000E6E1E /* SnapKit in Frameworks */ = {isa = PBXBuildFile; productRef = F4F521BD2B34A091000E6E1E /* SnapKit */; };
/* End PBXBuildFile section */

/* Begin PBXCopyFilesBuildPhase section */
		F49B35162B34C32E0080A19F /* Embed Frameworks */ = {
			isa = PBXCopyFilesBuildPhase;
			buildActionMask = 2147483647;
			dstPath = "";
			dstSubfolderSpec = 10;
			files = (
			);
			name = "Embed Frameworks";
			runOnlyForDeploymentPostprocessing = 0;
		};
/* End PBXCopyFilesBuildPhase section */

/* Begin PBXFileReference section */
		9431CDC62B47F0C500CB452E /* NavigationView.swift */ = {isa = PBXFileReference; lastKnownFileType = sourcecode.swift; path = NavigationView.swift; sourceTree = "<group>"; };
		94C2C9A02B46F94000B92CAC /* DOOButton.swift */ = {isa = PBXFileReference; lastKnownFileType = sourcecode.swift; path = DOOButton.swift; sourceTree = "<group>"; };
		94C2C9A52B46FE6900B92CAC /* CreateTravelViewController.swift */ = {isa = PBXFileReference; lastKnownFileType = sourcecode.swift; path = CreateTravelViewController.swift; sourceTree = "<group>"; };
		94C2C9A92B47096200B92CAC /* DatePickerBottomSheetViewController.swift */ = {isa = PBXFileReference; lastKnownFileType = sourcecode.swift; path = DatePickerBottomSheetViewController.swift; sourceTree = "<group>"; };
		94C2C9AB2B4709A200B92CAC /* CreatingSuccessViewController.swift */ = {isa = PBXFileReference; lastKnownFileType = sourcecode.swift; path = CreatingSuccessViewController.swift; sourceTree = "<group>"; };
		94C2C9AD2B470ACD00B92CAC /* DatePickerView.swift */ = {isa = PBXFileReference; lastKnownFileType = sourcecode.swift; path = DatePickerView.swift; sourceTree = "<group>"; };
		CA8CD6692B46B45200CFDFBF /* Pretendard-Black.otf */ = {isa = PBXFileReference; lastKnownFileType = file; path = "Pretendard-Black.otf"; sourceTree = "<group>"; };
		CA8CD66B2B46B45D00CFDFBF /* Pretendard-Bold.otf */ = {isa = PBXFileReference; lastKnownFileType = file; path = "Pretendard-Bold.otf"; sourceTree = "<group>"; };
		CA8CD66D2B46B46600CFDFBF /* Pretendard-ExtraBold.otf */ = {isa = PBXFileReference; lastKnownFileType = file; path = "Pretendard-ExtraBold.otf"; sourceTree = "<group>"; };
		CA8CD66F2B46B47600CFDFBF /* Pretendard-ExtraLight.otf */ = {isa = PBXFileReference; lastKnownFileType = file; path = "Pretendard-ExtraLight.otf"; sourceTree = "<group>"; };
		CA8CD6712B46B48100CFDFBF /* Pretendard-Light.otf */ = {isa = PBXFileReference; lastKnownFileType = file; path = "Pretendard-Light.otf"; sourceTree = "<group>"; };
		CA8CD6732B46B48700CFDFBF /* Pretendard-Medium.otf */ = {isa = PBXFileReference; lastKnownFileType = file; path = "Pretendard-Medium.otf"; sourceTree = "<group>"; };
		CA8CD6752B46B48F00CFDFBF /* Pretendard-Regular.otf */ = {isa = PBXFileReference; lastKnownFileType = file; path = "Pretendard-Regular.otf"; sourceTree = "<group>"; };
		CA8CD6772B46B49800CFDFBF /* Pretendard-SemiBold.otf */ = {isa = PBXFileReference; lastKnownFileType = file; path = "Pretendard-SemiBold.otf"; sourceTree = "<group>"; };
		CA8CD67E2B46B64000CFDFBF /* OurToDoViewController.swift */ = {isa = PBXFileReference; lastKnownFileType = sourcecode.swift; path = OurToDoViewController.swift; sourceTree = "<group>"; };
		CA8CD6802B46B70700CFDFBF /* TripHeaderView.swift */ = {isa = PBXFileReference; lastKnownFileType = sourcecode.swift; path = TripHeaderView.swift; sourceTree = "<group>"; };
		CA8CD6822B46B72E00CFDFBF /* TripMiddleView.swift */ = {isa = PBXFileReference; lastKnownFileType = sourcecode.swift; path = TripMiddleView.swift; sourceTree = "<group>"; };
		CA8CD6842B46B7C100CFDFBF /* OurToDoHeaderView.swift */ = {isa = PBXFileReference; lastKnownFileType = sourcecode.swift; path = OurToDoHeaderView.swift; sourceTree = "<group>"; };
		CA8CD6862B46B85A00CFDFBF /* UnderlineSegmentedControlView.swift */ = {isa = PBXFileReference; lastKnownFileType = sourcecode.swift; path = UnderlineSegmentedControlView.swift; sourceTree = "<group>"; };
		CA8CD6882B46B89D00CFDFBF /* ManagerCollectionViewCell.swift */ = {isa = PBXFileReference; lastKnownFileType = sourcecode.swift; path = ManagerCollectionViewCell.swift; sourceTree = "<group>"; };
		CA8CD68A2B46B8CD00CFDFBF /* OurToDoCollectionViewCell.swift */ = {isa = PBXFileReference; lastKnownFileType = sourcecode.swift; path = OurToDoCollectionViewCell.swift; sourceTree = "<group>"; };
		CA8CD68C2B46B90000CFDFBF /* TripFriendsCollectionViewCell.swift */ = {isa = PBXFileReference; lastKnownFileType = sourcecode.swift; path = TripFriendsCollectionViewCell.swift; sourceTree = "<group>"; };
		CA8CD68E2B46B96E00CFDFBF /* OurToDoData.swift */ = {isa = PBXFileReference; lastKnownFileType = sourcecode.swift; path = OurToDoData.swift; sourceTree = "<group>"; };
		CA8CD6902B46B9A100CFDFBF /* FriendProfileData.swift */ = {isa = PBXFileReference; lastKnownFileType = sourcecode.swift; path = FriendProfileData.swift; sourceTree = "<group>"; };
		CA8CD6922B46B9F600CFDFBF /* CreateNavigationBar.swift */ = {isa = PBXFileReference; lastKnownFileType = sourcecode.swift; path = CreateNavigationBar.swift; sourceTree = "<group>"; };
		F484A3842B3EBC2A00197E3C /* UIColor+.swift */ = {isa = PBXFileReference; lastKnownFileType = sourcecode.swift; path = "UIColor+.swift"; sourceTree = "<group>"; };
		F49B35272B35E97C0080A19F /* UITextField+.swift */ = {isa = PBXFileReference; lastKnownFileType = sourcecode.swift; path = "UITextField+.swift"; sourceTree = "<group>"; };
		F49B35292B35E9BD0080A19F /* UIStackView+.swift */ = {isa = PBXFileReference; lastKnownFileType = sourcecode.swift; path = "UIStackView+.swift"; sourceTree = "<group>"; };
		F49B352B2B35EAF50080A19F /* UIView+.swift */ = {isa = PBXFileReference; lastKnownFileType = sourcecode.swift; path = "UIView+.swift"; sourceTree = "<group>"; };
		F49B352D2B35EB270080A19F /* CALayer+.swift */ = {isa = PBXFileReference; lastKnownFileType = sourcecode.swift; path = "CALayer+.swift"; sourceTree = "<group>"; };
		F49B35302B35EC760080A19F /* Codable+.swift */ = {isa = PBXFileReference; lastKnownFileType = sourcecode.swift; path = "Codable+.swift"; sourceTree = "<group>"; };
		F4BA26F12B42D07000975CC2 /* PersonalInfoWebViewController.swift */ = {isa = PBXFileReference; lastKnownFileType = sourcecode.swift; path = PersonalInfoWebViewController.swift; sourceTree = "<group>"; };
		F4BA26F42B455A7300975CC2 /* MakeProfileViewController.swift */ = {isa = PBXFileReference; lastKnownFileType = sourcecode.swift; path = MakeProfileViewController.swift; sourceTree = "<group>"; };
		F4BA26F92B47198D00975CC2 /* ScreenUtils.swift */ = {isa = PBXFileReference; lastKnownFileType = sourcecode.swift; path = ScreenUtils.swift; sourceTree = "<group>"; };
		F4BA26FB2B471A1800975CC2 /* Constant.swift */ = {isa = PBXFileReference; lastKnownFileType = sourcecode.swift; path = Constant.swift; sourceTree = "<group>"; };
		F4C5E76B2B4283920008735F /* SplashViewController.swift */ = {isa = PBXFileReference; lastKnownFileType = sourcecode.swift; path = SplashViewController.swift; sourceTree = "<group>"; };
		F4C5E76D2B4286A50008735F /* ImageLiterals.swift */ = {isa = PBXFileReference; lastKnownFileType = sourcecode.swift; path = ImageLiterals.swift; sourceTree = "<group>"; };
		F4C5E76F2B4286EA0008735F /* UIImage+.swift */ = {isa = PBXFileReference; lastKnownFileType = sourcecode.swift; path = "UIImage+.swift"; sourceTree = "<group>"; };
		F4C5E7812B429B620008735F /* UIFont+.swift */ = {isa = PBXFileReference; lastKnownFileType = sourcecode.swift; path = "UIFont+.swift"; sourceTree = "<group>"; };
		F4C5E7832B42A6830008735F /* UILabel+.swift */ = {isa = PBXFileReference; lastKnownFileType = sourcecode.swift; path = "UILabel+.swift"; sourceTree = "<group>"; };
		F4C5E7852B42A9C80008735F /* LoginViewController.swift */ = {isa = PBXFileReference; lastKnownFileType = sourcecode.swift; path = LoginViewController.swift; sourceTree = "<group>"; };
		F4C5E7872B42AC010008735F /* StringLiterals.swift */ = {isa = PBXFileReference; lastKnownFileType = sourcecode.swift; path = StringLiterals.swift; sourceTree = "<group>"; };
		F4D0416E2B415EDB00B94FEE /* Going-iOS.entitlements */ = {isa = PBXFileReference; lastKnownFileType = text.plist.entitlements; path = "Going-iOS.entitlements"; sourceTree = "<group>"; };
		F4F521712B3440D7000E6E1E /* Going-iOS.app */ = {isa = PBXFileReference; explicitFileType = wrapper.application; includeInIndex = 0; path = "Going-iOS.app"; sourceTree = BUILT_PRODUCTS_DIR; };
		F4F521742B3440D7000E6E1E /* AppDelegate.swift */ = {isa = PBXFileReference; lastKnownFileType = sourcecode.swift; path = AppDelegate.swift; sourceTree = "<group>"; };
		F4F521762B3440D7000E6E1E /* SceneDelegate.swift */ = {isa = PBXFileReference; lastKnownFileType = sourcecode.swift; path = SceneDelegate.swift; sourceTree = "<group>"; };
		F4F521782B3440D7000E6E1E /* ViewController.swift */ = {isa = PBXFileReference; lastKnownFileType = sourcecode.swift; path = ViewController.swift; sourceTree = "<group>"; };
		F4F5217D2B3440DA000E6E1E /* Assets.xcassets */ = {isa = PBXFileReference; lastKnownFileType = folder.assetcatalog; path = Assets.xcassets; sourceTree = "<group>"; };
		F4F521802B3440DA000E6E1E /* Base */ = {isa = PBXFileReference; lastKnownFileType = file.storyboard; name = Base; path = Base.lproj/LaunchScreen.storyboard; sourceTree = "<group>"; };
		F4F521822B3440DA000E6E1E /* Info.plist */ = {isa = PBXFileReference; lastKnownFileType = text.plist.xml; path = Info.plist; sourceTree = "<group>"; };
		F4F5218B2B346373000E6E1E /* UserDefaultToken.swift */ = {isa = PBXFileReference; lastKnownFileType = sourcecode.swift; path = UserDefaultToken.swift; sourceTree = "<group>"; };
		F4F521952B346576000E6E1E /* Development.xcconfig */ = {isa = PBXFileReference; lastKnownFileType = text.xcconfig; path = Development.xcconfig; sourceTree = "<group>"; };
		F4F521B32B3484B4000E6E1E /* Config.swift */ = {isa = PBXFileReference; lastKnownFileType = sourcecode.swift; path = Config.swift; sourceTree = "<group>"; };
/* End PBXFileReference section */

/* Begin PBXFrameworksBuildPhase section */
		F4F5216E2B3440D7000E6E1E /* Frameworks */ = {
			isa = PBXFrameworksBuildPhase;
			buildActionMask = 2147483647;
			files = (
				F4F521B22B347BF2000E6E1E /* KakaoSDKCommon in Frameworks */,
				F4F521A72B34733E000E6E1E /* Kingfisher in Frameworks */,
				F4F521AA2B347BF2000E6E1E /* KakaoSDK in Frameworks */,
				F4F521BE2B34A091000E6E1E /* SnapKit in Frameworks */,
				F4F521AE2B347BF2000E6E1E /* KakaoSDKCert in Frameworks */,
				F4F521AC2B347BF2000E6E1E /* KakaoSDKAuth in Frameworks */,
				F4F521B02B347BF2000E6E1E /* KakaoSDKCertCore in Frameworks */,
			);
			runOnlyForDeploymentPostprocessing = 0;
		};
/* End PBXFrameworksBuildPhase section */

/* Begin PBXGroup section */
		94C2C9A22B46FE3500B92CAC /* CreateTravel */ = {
			isa = PBXGroup;
			children = (
				94C2C9A42B46FE4E00B92CAC /* ViewControllers */,
				94C2C9A32B46FE4200B92CAC /* Views */,
			);
			path = CreateTravel;
			sourceTree = "<group>";
		};
		94C2C9A32B46FE4200B92CAC /* Views */ = {
			isa = PBXGroup;
			children = (
				94C2C9AD2B470ACD00B92CAC /* DatePickerView.swift */,
				9431CDC62B47F0C500CB452E /* NavigationView.swift */,
			);
			path = Views;
			sourceTree = "<group>";
		};
		94C2C9A42B46FE4E00B92CAC /* ViewControllers */ = {
			isa = PBXGroup;
			children = (
				94C2C9A52B46FE6900B92CAC /* CreateTravelViewController.swift */,
				94C2C9A92B47096200B92CAC /* DatePickerBottomSheetViewController.swift */,
				94C2C9AB2B4709A200B92CAC /* CreatingSuccessViewController.swift */,
			);
			path = ViewControllers;
			sourceTree = "<group>";
		};
		CA8CD6792B46B61000CFDFBF /* OurToDo */ = {
			isa = PBXGroup;
			children = (
				CA8CD67D2B46B62B00CFDFBF /* ViewControllers */,
				CA8CD67C2B46B62500CFDFBF /* Views */,
				CA8CD67B2B46B61F00CFDFBF /* Models */,
				CA8CD67A2B46B61A00CFDFBF /* Cells */,
			);
			path = OurToDo;
			sourceTree = "<group>";
		};
		CA8CD67A2B46B61A00CFDFBF /* Cells */ = {
			isa = PBXGroup;
			children = (
				CA8CD6882B46B89D00CFDFBF /* ManagerCollectionViewCell.swift */,
				CA8CD68A2B46B8CD00CFDFBF /* OurToDoCollectionViewCell.swift */,
				CA8CD68C2B46B90000CFDFBF /* TripFriendsCollectionViewCell.swift */,
			);
			path = Cells;
			sourceTree = "<group>";
		};
		CA8CD67B2B46B61F00CFDFBF /* Models */ = {
			isa = PBXGroup;
			children = (
				CA8CD68E2B46B96E00CFDFBF /* OurToDoData.swift */,
				CA8CD6902B46B9A100CFDFBF /* FriendProfileData.swift */,
			);
			path = Models;
			sourceTree = "<group>";
		};
		CA8CD67C2B46B62500CFDFBF /* Views */ = {
			isa = PBXGroup;
			children = (
				CA8CD6802B46B70700CFDFBF /* TripHeaderView.swift */,
				CA8CD6822B46B72E00CFDFBF /* TripMiddleView.swift */,
				CA8CD6842B46B7C100CFDFBF /* OurToDoHeaderView.swift */,
				CA8CD6862B46B85A00CFDFBF /* UnderlineSegmentedControlView.swift */,
				CA8CD6922B46B9F600CFDFBF /* CreateNavigationBar.swift */,
			);
			path = Views;
			sourceTree = "<group>";
		};
		CA8CD67D2B46B62B00CFDFBF /* ViewControllers */ = {
			isa = PBXGroup;
			children = (
				CA8CD67E2B46B64000CFDFBF /* OurToDoViewController.swift */,
			);
			path = ViewControllers;
			sourceTree = "<group>";
		};
		F4BA26F32B45597600975CC2 /* MakeProfile */ = {
			isa = PBXGroup;
			children = (
				F4BA26F42B455A7300975CC2 /* MakeProfileViewController.swift */,
			);
			path = MakeProfile;
			sourceTree = "<group>";
		};
		F4BA26F82B47197100975CC2 /* Utils */ = {
			isa = PBXGroup;
			children = (
				F4BA26F92B47198D00975CC2 /* ScreenUtils.swift */,
			);
			path = Utils;
			sourceTree = "<group>";
		};
		F4F521682B3440D7000E6E1E = {
			isa = PBXGroup;
			children = (
				F4F521732B3440D7000E6E1E /* Going-iOS */,
				F4F521722B3440D7000E6E1E /* Products */,
				F4F521BB2B349FDE000E6E1E /* Frameworks */,
			);
			sourceTree = "<group>";
		};
		F4F521722B3440D7000E6E1E /* Products */ = {
			isa = PBXGroup;
			children = (
				F4F521712B3440D7000E6E1E /* Going-iOS.app */,
			);
			name = Products;
			sourceTree = "<group>";
		};
		F4F521732B3440D7000E6E1E /* Going-iOS */ = {
			isa = PBXGroup;
			children = (
				F4D0416E2B415EDB00B94FEE /* Going-iOS.entitlements */,
				F4F5219A2B3467FD000E6E1E /* Scene */,
				F4F521962B346760000E6E1E /* Network */,
				F4F521882B344ED1000E6E1E /* Application */,
				F4F521892B3462FC000E6E1E /* Global */,
				F4F521782B3440D7000E6E1E /* ViewController.swift */,
			);
			path = "Going-iOS";
			sourceTree = "<group>";
		};
		F4F521882B344ED1000E6E1E /* Application */ = {
			isa = PBXGroup;
			children = (
				F4F5217F2B3440DA000E6E1E /* LaunchScreen.storyboard */,
				F4F521762B3440D7000E6E1E /* SceneDelegate.swift */,
				F4F521742B3440D7000E6E1E /* AppDelegate.swift */,
			);
			path = Application;
			sourceTree = "<group>";
		};
		F4F521892B3462FC000E6E1E /* Global */ = {
			isa = PBXGroup;
			children = (
				F4BA26F82B47197100975CC2 /* Utils */,
				F4F521932B3464BD000E6E1E /* Settings */,
				F4F521912B346453000E6E1E /* Resources */,
				F4F521902B34642A000E6E1E /* UIComponents */,
				F4F5218F2B34640F000E6E1E /* Protocols */,
				F4F5218E2B3463E5000E6E1E /* Literals */,
				F4F5218D2B346394000E6E1E /* Extensions */,
				F4F5218A2B346333000E6E1E /* UserDefault */,
			);
			path = Global;
			sourceTree = "<group>";
		};
		F4F5218A2B346333000E6E1E /* UserDefault */ = {
			isa = PBXGroup;
			children = (
				F4F5218B2B346373000E6E1E /* UserDefaultToken.swift */,
			);
			path = UserDefault;
			sourceTree = "<group>";
		};
		F4F5218D2B346394000E6E1E /* Extensions */ = {
			isa = PBXGroup;
			children = (
				F49B35272B35E97C0080A19F /* UITextField+.swift */,
				F49B35292B35E9BD0080A19F /* UIStackView+.swift */,
				F49B352B2B35EAF50080A19F /* UIView+.swift */,
				F49B352D2B35EB270080A19F /* CALayer+.swift */,
				F49B35302B35EC760080A19F /* Codable+.swift */,
				F484A3842B3EBC2A00197E3C /* UIColor+.swift */,
				F4C5E76F2B4286EA0008735F /* UIImage+.swift */,
				F4C5E7812B429B620008735F /* UIFont+.swift */,
				F4C5E7832B42A6830008735F /* UILabel+.swift */,
			);
			path = Extensions;
			sourceTree = "<group>";
		};
		F4F5218E2B3463E5000E6E1E /* Literals */ = {
			isa = PBXGroup;
			children = (
				F4C5E76D2B4286A50008735F /* ImageLiterals.swift */,
				F4C5E7872B42AC010008735F /* StringLiterals.swift */,
				F4BA26FB2B471A1800975CC2 /* Constant.swift */,
			);
			path = Literals;
			sourceTree = "<group>";
		};
		F4F5218F2B34640F000E6E1E /* Protocols */ = {
			isa = PBXGroup;
			children = (
			);
			path = Protocols;
			sourceTree = "<group>";
		};
		F4F521902B34642A000E6E1E /* UIComponents */ = {
			isa = PBXGroup;
			children = (
				94C2C9A02B46F94000B92CAC /* DOOButton.swift */,
			);
			path = UIComponents;
			sourceTree = "<group>";
		};
		F4F521912B346453000E6E1E /* Resources */ = {
			isa = PBXGroup;
			children = (
				F4F521922B34648F000E6E1E /* Font */,
				F4F5217D2B3440DA000E6E1E /* Assets.xcassets */,
			);
			path = Resources;
			sourceTree = "<group>";
		};
		F4F521922B34648F000E6E1E /* Font */ = {
			isa = PBXGroup;
			children = (
				CA8CD66F2B46B47600CFDFBF /* Pretendard-ExtraLight.otf */,
				CA8CD6772B46B49800CFDFBF /* Pretendard-SemiBold.otf */,
				CA8CD6752B46B48F00CFDFBF /* Pretendard-Regular.otf */,
				CA8CD6732B46B48700CFDFBF /* Pretendard-Medium.otf */,
				CA8CD6712B46B48100CFDFBF /* Pretendard-Light.otf */,
				CA8CD66D2B46B46600CFDFBF /* Pretendard-ExtraBold.otf */,
				CA8CD66B2B46B45D00CFDFBF /* Pretendard-Bold.otf */,
				CA8CD6692B46B45200CFDFBF /* Pretendard-Black.otf */,
			);
			path = Font;
			sourceTree = "<group>";
		};
		F4F521932B3464BD000E6E1E /* Settings */ = {
			isa = PBXGroup;
			children = (
				F4F521942B3464D8000E6E1E /* Configurations */,
				F4F521822B3440DA000E6E1E /* Info.plist */,
			);
			path = Settings;
			sourceTree = "<group>";
		};
		F4F521942B3464D8000E6E1E /* Configurations */ = {
			isa = PBXGroup;
			children = (
				F4F521952B346576000E6E1E /* Development.xcconfig */,
				F4F521B32B3484B4000E6E1E /* Config.swift */,
			);
			path = Configurations;
			sourceTree = "<group>";
		};
		F4F521962B346760000E6E1E /* Network */ = {
			isa = PBXGroup;
			children = (
				F4F521992B346782000E6E1E /* Base */,
				F4F521982B346778000E6E1E /* Services */,
				F4F521972B34676D000E6E1E /* DTO */,
			);
			path = Network;
			sourceTree = "<group>";
		};
		F4F521972B34676D000E6E1E /* DTO */ = {
			isa = PBXGroup;
			children = (
			);
			path = DTO;
			sourceTree = "<group>";
		};
		F4F521982B346778000E6E1E /* Services */ = {
			isa = PBXGroup;
			children = (
			);
			path = Services;
			sourceTree = "<group>";
		};
		F4F521992B346782000E6E1E /* Base */ = {
			isa = PBXGroup;
			children = (
			);
			path = Base;
			sourceTree = "<group>";
		};
		F4F5219A2B3467FD000E6E1E /* Scene */ = {
			isa = PBXGroup;
			children = (
				94C2C9A22B46FE3500B92CAC /* CreateTravel */,
				CA8CD6792B46B61000CFDFBF /* OurToDo */,
				F4BA26F32B45597600975CC2 /* MakeProfile */,
				F4F5219B2B346843000E6E1E /* Login */,
			);
			path = Scene;
			sourceTree = "<group>";
		};
		F4F5219B2B346843000E6E1E /* Login */ = {
			isa = PBXGroup;
			children = (
				F4F5219F2B346875000E6E1E /* Cells */,
				F4F5219E2B346870000E6E1E /* Models */,
				F4F5219D2B346867000E6E1E /* Views */,
				F4F5219C2B34685F000E6E1E /* ViewControllers */,
			);
			path = Login;
			sourceTree = "<group>";
		};
		F4F5219C2B34685F000E6E1E /* ViewControllers */ = {
			isa = PBXGroup;
			children = (
				F4C5E76B2B4283920008735F /* SplashViewController.swift */,
				F4C5E7852B42A9C80008735F /* LoginViewController.swift */,
				F4BA26F12B42D07000975CC2 /* PersonalInfoWebViewController.swift */,
			);
			path = ViewControllers;
			sourceTree = "<group>";
		};
		F4F5219D2B346867000E6E1E /* Views */ = {
			isa = PBXGroup;
			children = (
			);
			path = Views;
			sourceTree = "<group>";
		};
		F4F5219E2B346870000E6E1E /* Models */ = {
			isa = PBXGroup;
			children = (
			);
			path = Models;
			sourceTree = "<group>";
		};
		F4F5219F2B346875000E6E1E /* Cells */ = {
			isa = PBXGroup;
			children = (
			);
			path = Cells;
			sourceTree = "<group>";
		};
		F4F521BB2B349FDE000E6E1E /* Frameworks */ = {
			isa = PBXGroup;
			children = (
			);
			name = Frameworks;
			sourceTree = "<group>";
		};
/* End PBXGroup section */

/* Begin PBXNativeTarget section */
		F4F521702B3440D7000E6E1E /* Going-iOS */ = {
			isa = PBXNativeTarget;
			buildConfigurationList = F4F521852B3440DA000E6E1E /* Build configuration list for PBXNativeTarget "Going-iOS" */;
			buildPhases = (
				F4F5216D2B3440D7000E6E1E /* Sources */,
				F4F5216E2B3440D7000E6E1E /* Frameworks */,
				F4F5216F2B3440D7000E6E1E /* Resources */,
				F49B35162B34C32E0080A19F /* Embed Frameworks */,
			);
			buildRules = (
			);
			dependencies = (
			);
			name = "Going-iOS";
			packageProductDependencies = (
				F4F521A62B34733E000E6E1E /* Kingfisher */,
				F4F521A92B347BF2000E6E1E /* KakaoSDK */,
				F4F521AB2B347BF2000E6E1E /* KakaoSDKAuth */,
				F4F521AD2B347BF2000E6E1E /* KakaoSDKCert */,
				F4F521AF2B347BF2000E6E1E /* KakaoSDKCertCore */,
				F4F521B12B347BF2000E6E1E /* KakaoSDKCommon */,
				F4F521BD2B34A091000E6E1E /* SnapKit */,
			);
			productName = "Going-iOS";
			productReference = F4F521712B3440D7000E6E1E /* Going-iOS.app */;
			productType = "com.apple.product-type.application";
		};
/* End PBXNativeTarget section */

/* Begin PBXProject section */
		F4F521692B3440D7000E6E1E /* Project object */ = {
			isa = PBXProject;
			attributes = {
				BuildIndependentTargetsInParallel = 1;
				LastSwiftUpdateCheck = 1510;
				LastUpgradeCheck = 1510;
				TargetAttributes = {
					F4F521702B3440D7000E6E1E = {
						CreatedOnToolsVersion = 15.1;
					};
				};
			};
			buildConfigurationList = F4F5216C2B3440D7000E6E1E /* Build configuration list for PBXProject "Going-iOS" */;
			compatibilityVersion = "Xcode 14.0";
			developmentRegion = en;
			hasScannedForEncodings = 0;
			knownRegions = (
				en,
				Base,
			);
			mainGroup = F4F521682B3440D7000E6E1E;
			packageReferences = (
				F4F521A52B34733E000E6E1E /* XCRemoteSwiftPackageReference "Kingfisher" */,
				F4F521A82B347BF2000E6E1E /* XCRemoteSwiftPackageReference "kakao-ios-sdk" */,
				F4F521BC2B34A091000E6E1E /* XCRemoteSwiftPackageReference "SnapKit" */,
			);
			productRefGroup = F4F521722B3440D7000E6E1E /* Products */;
			projectDirPath = "";
			projectRoot = "";
			targets = (
				F4F521702B3440D7000E6E1E /* Going-iOS */,
			);
		};
/* End PBXProject section */

/* Begin PBXResourcesBuildPhase section */
		F4F5216F2B3440D7000E6E1E /* Resources */ = {
			isa = PBXResourcesBuildPhase;
			buildActionMask = 2147483647;
			files = (
				CA8CD6702B46B47600CFDFBF /* Pretendard-ExtraLight.otf in Resources */,
				F4F521812B3440DA000E6E1E /* LaunchScreen.storyboard in Resources */,
				CA8CD66C2B46B45D00CFDFBF /* Pretendard-Bold.otf in Resources */,
				CA8CD6742B46B48700CFDFBF /* Pretendard-Medium.otf in Resources */,
				CA8CD6722B46B48100CFDFBF /* Pretendard-Light.otf in Resources */,
				CA8CD66A2B46B45200CFDFBF /* Pretendard-Black.otf in Resources */,
				CA8CD6762B46B48F00CFDFBF /* Pretendard-Regular.otf in Resources */,
				CA8CD66E2B46B46600CFDFBF /* Pretendard-ExtraBold.otf in Resources */,
				CA8CD6782B46B49800CFDFBF /* Pretendard-SemiBold.otf in Resources */,
				F4F5217E2B3440DA000E6E1E /* Assets.xcassets in Resources */,
			);
			runOnlyForDeploymentPostprocessing = 0;
		};
/* End PBXResourcesBuildPhase section */

/* Begin PBXSourcesBuildPhase section */
		F4F5216D2B3440D7000E6E1E /* Sources */ = {
			isa = PBXSourcesBuildPhase;
			buildActionMask = 2147483647;
			files = (
				F49B352A2B35E9BD0080A19F /* UIStackView+.swift in Sources */,
				94C2C9AE2B470ACD00B92CAC /* DatePickerView.swift in Sources */,
				CA8CD6812B46B70700CFDFBF /* TripHeaderView.swift in Sources */,
				CA8CD68F2B46B96E00CFDFBF /* OurToDoData.swift in Sources */,
				F4C5E7702B4286EA0008735F /* UIImage+.swift in Sources */,
				F4C5E7842B42A6830008735F /* UILabel+.swift in Sources */,
				CA8CD6912B46B9A100CFDFBF /* FriendProfileData.swift in Sources */,
				CA8CD6872B46B85A00CFDFBF /* UnderlineSegmentedControlView.swift in Sources */,
				F4BA26FA2B47198D00975CC2 /* ScreenUtils.swift in Sources */,
				F4F521792B3440D7000E6E1E /* ViewController.swift in Sources */,
				94C2C9A12B46F94000B92CAC /* DOOButton.swift in Sources */,
				F4F521752B3440D7000E6E1E /* AppDelegate.swift in Sources */,
				CA8CD6892B46B89D00CFDFBF /* ManagerCollectionViewCell.swift in Sources */,
				F4C5E76C2B4283920008735F /* SplashViewController.swift in Sources */,
				CA8CD68B2B46B8CD00CFDFBF /* OurToDoCollectionViewCell.swift in Sources */,
				F4F521B42B3484B4000E6E1E /* Config.swift in Sources */,
				F484A3852B3EBC2A00197E3C /* UIColor+.swift in Sources */,
				CA8CD6932B46B9F600CFDFBF /* CreateNavigationBar.swift in Sources */,
				F4C5E7822B429B620008735F /* UIFont+.swift in Sources */,
				F4C5E76E2B4286A50008735F /* ImageLiterals.swift in Sources */,
				F49B352C2B35EAF50080A19F /* UIView+.swift in Sources */,
				F49B35282B35E97C0080A19F /* UITextField+.swift in Sources */,
				9431CDC72B47F0C500CB452E /* NavigationView.swift in Sources */,
				94C2C9AA2B47096200B92CAC /* DatePickerBottomSheetViewController.swift in Sources */,
				94C2C9A62B46FE6900B92CAC /* CreateTravelViewController.swift in Sources */,
				94C2C9AC2B4709A200B92CAC /* CreatingSuccessViewController.swift in Sources */,
				F4BA26F52B455A7300975CC2 /* MakeProfileViewController.swift in Sources */,
				F4C5E7882B42AC010008735F /* StringLiterals.swift in Sources */,
				CA8CD67F2B46B64000CFDFBF /* OurToDoViewController.swift in Sources */,
				F4F5218C2B346373000E6E1E /* UserDefaultToken.swift in Sources */,
				F4C5E7862B42A9C80008735F /* LoginViewController.swift in Sources */,
				CA8CD68D2B46B90000CFDFBF /* TripFriendsCollectionViewCell.swift in Sources */,
				CA8CD6852B46B7C100CFDFBF /* OurToDoHeaderView.swift in Sources */,
				F4BA26F22B42D07000975CC2 /* PersonalInfoWebViewController.swift in Sources */,
				CA8CD6832B46B72E00CFDFBF /* TripMiddleView.swift in Sources */,
				F49B352E2B35EB270080A19F /* CALayer+.swift in Sources */,
				F4BA26FC2B471A1800975CC2 /* Constant.swift in Sources */,
				F49B35312B35EC760080A19F /* Codable+.swift in Sources */,
				F4F521772B3440D7000E6E1E /* SceneDelegate.swift in Sources */,
			);
			runOnlyForDeploymentPostprocessing = 0;
		};
/* End PBXSourcesBuildPhase section */

/* Begin PBXVariantGroup section */
		F4F5217F2B3440DA000E6E1E /* LaunchScreen.storyboard */ = {
			isa = PBXVariantGroup;
			children = (
				F4F521802B3440DA000E6E1E /* Base */,
			);
			name = LaunchScreen.storyboard;
			sourceTree = "<group>";
		};
/* End PBXVariantGroup section */

/* Begin XCBuildConfiguration section */
		F4F521832B3440DA000E6E1E /* Debug */ = {
			isa = XCBuildConfiguration;
			baseConfigurationReference = F4F521952B346576000E6E1E /* Development.xcconfig */;
			buildSettings = {
				ALWAYS_SEARCH_USER_PATHS = NO;
				ASSETCATALOG_COMPILER_GENERATE_SWIFT_ASSET_SYMBOL_EXTENSIONS = YES;
				CLANG_ANALYZER_NONNULL = YES;
				CLANG_ANALYZER_NUMBER_OBJECT_CONVERSION = YES_AGGRESSIVE;
				CLANG_CXX_LANGUAGE_STANDARD = "gnu++20";
				CLANG_ENABLE_MODULES = YES;
				CLANG_ENABLE_OBJC_ARC = YES;
				CLANG_ENABLE_OBJC_WEAK = YES;
				CLANG_WARN_BLOCK_CAPTURE_AUTORELEASING = YES;
				CLANG_WARN_BOOL_CONVERSION = YES;
				CLANG_WARN_COMMA = YES;
				CLANG_WARN_CONSTANT_CONVERSION = YES;
				CLANG_WARN_DEPRECATED_OBJC_IMPLEMENTATIONS = YES;
				CLANG_WARN_DIRECT_OBJC_ISA_USAGE = YES_ERROR;
				CLANG_WARN_DOCUMENTATION_COMMENTS = YES;
				CLANG_WARN_EMPTY_BODY = YES;
				CLANG_WARN_ENUM_CONVERSION = YES;
				CLANG_WARN_INFINITE_RECURSION = YES;
				CLANG_WARN_INT_CONVERSION = YES;
				CLANG_WARN_NON_LITERAL_NULL_CONVERSION = YES;
				CLANG_WARN_OBJC_IMPLICIT_RETAIN_SELF = YES;
				CLANG_WARN_OBJC_LITERAL_CONVERSION = YES;
				CLANG_WARN_OBJC_ROOT_CLASS = YES_ERROR;
				CLANG_WARN_QUOTED_INCLUDE_IN_FRAMEWORK_HEADER = YES;
				CLANG_WARN_RANGE_LOOP_ANALYSIS = YES;
				CLANG_WARN_STRICT_PROTOTYPES = YES;
				CLANG_WARN_SUSPICIOUS_MOVE = YES;
				CLANG_WARN_UNGUARDED_AVAILABILITY = YES_AGGRESSIVE;
				CLANG_WARN_UNREACHABLE_CODE = YES;
				CLANG_WARN__DUPLICATE_METHOD_MATCH = YES;
				COPY_PHASE_STRIP = NO;
				DEBUG_INFORMATION_FORMAT = dwarf;
				ENABLE_STRICT_OBJC_MSGSEND = YES;
				ENABLE_TESTABILITY = YES;
				ENABLE_USER_SCRIPT_SANDBOXING = YES;
				GCC_C_LANGUAGE_STANDARD = gnu17;
				GCC_DYNAMIC_NO_PIC = NO;
				GCC_NO_COMMON_BLOCKS = YES;
				GCC_OPTIMIZATION_LEVEL = 0;
				GCC_PREPROCESSOR_DEFINITIONS = (
					"DEBUG=1",
					"$(inherited)",
				);
				GCC_WARN_64_TO_32_BIT_CONVERSION = YES;
				GCC_WARN_ABOUT_RETURN_TYPE = YES_ERROR;
				GCC_WARN_UNDECLARED_SELECTOR = YES;
				GCC_WARN_UNINITIALIZED_AUTOS = YES_AGGRESSIVE;
				GCC_WARN_UNUSED_FUNCTION = YES;
				GCC_WARN_UNUSED_VARIABLE = YES;
				IPHONEOS_DEPLOYMENT_TARGET = 15.0;
				LOCALIZATION_PREFERS_STRING_CATALOGS = YES;
				MTL_ENABLE_DEBUG_INFO = INCLUDE_SOURCE;
				MTL_FAST_MATH = YES;
				ONLY_ACTIVE_ARCH = YES;
				SDKROOT = iphoneos;
				SWIFT_ACTIVE_COMPILATION_CONDITIONS = "DEBUG $(inherited)";
				SWIFT_OPTIMIZATION_LEVEL = "-Onone";
			};
			name = Debug;
		};
		F4F521842B3440DA000E6E1E /* Release */ = {
			isa = XCBuildConfiguration;
			baseConfigurationReference = F4F521952B346576000E6E1E /* Development.xcconfig */;
			buildSettings = {
				ALWAYS_SEARCH_USER_PATHS = NO;
				ASSETCATALOG_COMPILER_GENERATE_SWIFT_ASSET_SYMBOL_EXTENSIONS = YES;
				CLANG_ANALYZER_NONNULL = YES;
				CLANG_ANALYZER_NUMBER_OBJECT_CONVERSION = YES_AGGRESSIVE;
				CLANG_CXX_LANGUAGE_STANDARD = "gnu++20";
				CLANG_ENABLE_MODULES = YES;
				CLANG_ENABLE_OBJC_ARC = YES;
				CLANG_ENABLE_OBJC_WEAK = YES;
				CLANG_WARN_BLOCK_CAPTURE_AUTORELEASING = YES;
				CLANG_WARN_BOOL_CONVERSION = YES;
				CLANG_WARN_COMMA = YES;
				CLANG_WARN_CONSTANT_CONVERSION = YES;
				CLANG_WARN_DEPRECATED_OBJC_IMPLEMENTATIONS = YES;
				CLANG_WARN_DIRECT_OBJC_ISA_USAGE = YES_ERROR;
				CLANG_WARN_DOCUMENTATION_COMMENTS = YES;
				CLANG_WARN_EMPTY_BODY = YES;
				CLANG_WARN_ENUM_CONVERSION = YES;
				CLANG_WARN_INFINITE_RECURSION = YES;
				CLANG_WARN_INT_CONVERSION = YES;
				CLANG_WARN_NON_LITERAL_NULL_CONVERSION = YES;
				CLANG_WARN_OBJC_IMPLICIT_RETAIN_SELF = YES;
				CLANG_WARN_OBJC_LITERAL_CONVERSION = YES;
				CLANG_WARN_OBJC_ROOT_CLASS = YES_ERROR;
				CLANG_WARN_QUOTED_INCLUDE_IN_FRAMEWORK_HEADER = YES;
				CLANG_WARN_RANGE_LOOP_ANALYSIS = YES;
				CLANG_WARN_STRICT_PROTOTYPES = YES;
				CLANG_WARN_SUSPICIOUS_MOVE = YES;
				CLANG_WARN_UNGUARDED_AVAILABILITY = YES_AGGRESSIVE;
				CLANG_WARN_UNREACHABLE_CODE = YES;
				CLANG_WARN__DUPLICATE_METHOD_MATCH = YES;
				COPY_PHASE_STRIP = NO;
				DEBUG_INFORMATION_FORMAT = "dwarf-with-dsym";
				ENABLE_NS_ASSERTIONS = NO;
				ENABLE_STRICT_OBJC_MSGSEND = YES;
				ENABLE_USER_SCRIPT_SANDBOXING = YES;
				GCC_C_LANGUAGE_STANDARD = gnu17;
				GCC_NO_COMMON_BLOCKS = YES;
				GCC_WARN_64_TO_32_BIT_CONVERSION = YES;
				GCC_WARN_ABOUT_RETURN_TYPE = YES_ERROR;
				GCC_WARN_UNDECLARED_SELECTOR = YES;
				GCC_WARN_UNINITIALIZED_AUTOS = YES_AGGRESSIVE;
				GCC_WARN_UNUSED_FUNCTION = YES;
				GCC_WARN_UNUSED_VARIABLE = YES;
				IPHONEOS_DEPLOYMENT_TARGET = 15.0;
				LOCALIZATION_PREFERS_STRING_CATALOGS = YES;
				MTL_ENABLE_DEBUG_INFO = NO;
				MTL_FAST_MATH = YES;
				SDKROOT = iphoneos;
				SWIFT_COMPILATION_MODE = wholemodule;
				VALIDATE_PRODUCT = YES;
			};
			name = Release;
		};
		F4F521862B3440DA000E6E1E /* Debug */ = {
			isa = XCBuildConfiguration;
			baseConfigurationReference = F4F521952B346576000E6E1E /* Development.xcconfig */;
			buildSettings = {
				ASSETCATALOG_COMPILER_APPICON_NAME = AppIcon;
				ASSETCATALOG_COMPILER_GLOBAL_ACCENT_COLOR_NAME = AccentColor;
				CODE_SIGN_ENTITLEMENTS = "Going-iOS/Going-iOS.entitlements";
				CODE_SIGN_IDENTITY = "Apple Development";
				"CODE_SIGN_IDENTITY[sdk=iphoneos*]" = "iPhone Developer";
				CODE_SIGN_STYLE = Manual;
				CURRENT_PROJECT_VERSION = 1;
				DEVELOPMENT_TEAM = "";
				"DEVELOPMENT_TEAM[sdk=iphoneos*]" = HV6BJXV65Q;
				GENERATE_INFOPLIST_FILE = YES;
				INFOPLIST_FILE = "Going-iOS/Global/Settings/Info.plist";
				INFOPLIST_KEY_UIApplicationSupportsIndirectInputEvents = YES;
				INFOPLIST_KEY_UILaunchStoryboardName = "";
				INFOPLIST_KEY_UISupportedInterfaceOrientations_iPad = "UIInterfaceOrientationPortrait UIInterfaceOrientationPortraitUpsideDown UIInterfaceOrientationLandscapeLeft UIInterfaceOrientationLandscapeRight";
				INFOPLIST_KEY_UISupportedInterfaceOrientations_iPhone = "UIInterfaceOrientationPortrait UIInterfaceOrientationLandscapeLeft UIInterfaceOrientationLandscapeRight";
				IPHONEOS_DEPLOYMENT_TARGET = 15.0;
				LD_RUNPATH_SEARCH_PATHS = (
					"$(inherited)",
					"@executable_path/Frameworks",
				);
				MARKETING_VERSION = 1.0;
				PRODUCT_BUNDLE_IDENTIFIER = "com.Going.Going-iOS";
				PRODUCT_NAME = "$(TARGET_NAME)";
				PROVISIONING_PROFILE_SPECIFIER = "";
				"PROVISIONING_PROFILE_SPECIFIER[sdk=iphoneos*]" = DooripDevelopment;
				SWIFT_EMIT_LOC_STRINGS = YES;
				SWIFT_VERSION = 5.0;
				TARGETED_DEVICE_FAMILY = "1,2";
			};
			name = Debug;
		};
		F4F521872B3440DA000E6E1E /* Release */ = {
			isa = XCBuildConfiguration;
			baseConfigurationReference = F4F521952B346576000E6E1E /* Development.xcconfig */;
			buildSettings = {
				ASSETCATALOG_COMPILER_APPICON_NAME = AppIcon;
				ASSETCATALOG_COMPILER_GLOBAL_ACCENT_COLOR_NAME = AccentColor;
				CODE_SIGN_ENTITLEMENTS = "Going-iOS/Going-iOS.entitlements";
				"CODE_SIGN_IDENTITY[sdk=iphoneos*]" = "iPhone Distribution";
				CODE_SIGN_STYLE = Manual;
				CURRENT_PROJECT_VERSION = 1;
				DEVELOPMENT_TEAM = "";
				"DEVELOPMENT_TEAM[sdk=iphoneos*]" = HV6BJXV65Q;
				GENERATE_INFOPLIST_FILE = YES;
				INFOPLIST_FILE = "Going-iOS/Global/Settings/Info.plist";
				INFOPLIST_KEY_UIApplicationSupportsIndirectInputEvents = YES;
				INFOPLIST_KEY_UILaunchStoryboardName = "";
				INFOPLIST_KEY_UISupportedInterfaceOrientations_iPad = "UIInterfaceOrientationPortrait UIInterfaceOrientationPortraitUpsideDown UIInterfaceOrientationLandscapeLeft UIInterfaceOrientationLandscapeRight";
				INFOPLIST_KEY_UISupportedInterfaceOrientations_iPhone = "UIInterfaceOrientationPortrait UIInterfaceOrientationLandscapeLeft UIInterfaceOrientationLandscapeRight";
				IPHONEOS_DEPLOYMENT_TARGET = 15.0;
				LD_RUNPATH_SEARCH_PATHS = (
					"$(inherited)",
					"@executable_path/Frameworks",
				);
				MARKETING_VERSION = 1.0;
				PRODUCT_BUNDLE_IDENTIFIER = "com.Going.Going-iOS";
				PRODUCT_NAME = "$(TARGET_NAME)";
				PROVISIONING_PROFILE_SPECIFIER = "";
				"PROVISIONING_PROFILE_SPECIFIER[sdk=iphoneos*]" = DooripRelease;
				SWIFT_EMIT_LOC_STRINGS = YES;
				SWIFT_VERSION = 5.0;
				TARGETED_DEVICE_FAMILY = "1,2";
			};
			name = Release;
		};
/* End XCBuildConfiguration section */

/* Begin XCConfigurationList section */
		F4F5216C2B3440D7000E6E1E /* Build configuration list for PBXProject "Going-iOS" */ = {
			isa = XCConfigurationList;
			buildConfigurations = (
				F4F521832B3440DA000E6E1E /* Debug */,
				F4F521842B3440DA000E6E1E /* Release */,
			);
			defaultConfigurationIsVisible = 0;
			defaultConfigurationName = Release;
		};
		F4F521852B3440DA000E6E1E /* Build configuration list for PBXNativeTarget "Going-iOS" */ = {
			isa = XCConfigurationList;
			buildConfigurations = (
				F4F521862B3440DA000E6E1E /* Debug */,
				F4F521872B3440DA000E6E1E /* Release */,
			);
			defaultConfigurationIsVisible = 0;
			defaultConfigurationName = Release;
		};
/* End XCConfigurationList section */

/* Begin XCRemoteSwiftPackageReference section */
		F4F521A52B34733E000E6E1E /* XCRemoteSwiftPackageReference "Kingfisher" */ = {
			isa = XCRemoteSwiftPackageReference;
			repositoryURL = "https://github.com/onevcat/Kingfisher.git";
			requirement = {
				kind = upToNextMajorVersion;
				minimumVersion = 7.10.1;
			};
		};
		F4F521A82B347BF2000E6E1E /* XCRemoteSwiftPackageReference "kakao-ios-sdk" */ = {
			isa = XCRemoteSwiftPackageReference;
			repositoryURL = "https://github.com/kakao/kakao-ios-sdk";
			requirement = {
				kind = upToNextMajorVersion;
				minimumVersion = 2.20.0;
			};
		};
		F4F521BC2B34A091000E6E1E /* XCRemoteSwiftPackageReference "SnapKit" */ = {
			isa = XCRemoteSwiftPackageReference;
			repositoryURL = "https://github.com/SnapKit/SnapKit";
			requirement = {
				kind = upToNextMajorVersion;
				minimumVersion = 5.6.0;
			};
		};
/* End XCRemoteSwiftPackageReference section */

/* Begin XCSwiftPackageProductDependency section */
		F4F521A62B34733E000E6E1E /* Kingfisher */ = {
			isa = XCSwiftPackageProductDependency;
			package = F4F521A52B34733E000E6E1E /* XCRemoteSwiftPackageReference "Kingfisher" */;
			productName = Kingfisher;
		};
		F4F521A92B347BF2000E6E1E /* KakaoSDK */ = {
			isa = XCSwiftPackageProductDependency;
			package = F4F521A82B347BF2000E6E1E /* XCRemoteSwiftPackageReference "kakao-ios-sdk" */;
			productName = KakaoSDK;
		};
		F4F521AB2B347BF2000E6E1E /* KakaoSDKAuth */ = {
			isa = XCSwiftPackageProductDependency;
			package = F4F521A82B347BF2000E6E1E /* XCRemoteSwiftPackageReference "kakao-ios-sdk" */;
			productName = KakaoSDKAuth;
		};
		F4F521AD2B347BF2000E6E1E /* KakaoSDKCert */ = {
			isa = XCSwiftPackageProductDependency;
			package = F4F521A82B347BF2000E6E1E /* XCRemoteSwiftPackageReference "kakao-ios-sdk" */;
			productName = KakaoSDKCert;
		};
		F4F521AF2B347BF2000E6E1E /* KakaoSDKCertCore */ = {
			isa = XCSwiftPackageProductDependency;
			package = F4F521A82B347BF2000E6E1E /* XCRemoteSwiftPackageReference "kakao-ios-sdk" */;
			productName = KakaoSDKCertCore;
		};
		F4F521B12B347BF2000E6E1E /* KakaoSDKCommon */ = {
			isa = XCSwiftPackageProductDependency;
			package = F4F521A82B347BF2000E6E1E /* XCRemoteSwiftPackageReference "kakao-ios-sdk" */;
			productName = KakaoSDKCommon;
		};
		F4F521BD2B34A091000E6E1E /* SnapKit */ = {
			isa = XCSwiftPackageProductDependency;
			package = F4F521BC2B34A091000E6E1E /* XCRemoteSwiftPackageReference "SnapKit" */;
			productName = SnapKit;
		};
/* End XCSwiftPackageProductDependency section */
	};
	rootObject = F4F521692B3440D7000E6E1E /* Project object */;
}
