// !$*UTF8*$!
{
	archiveVersion = 1;
	classes = {
	};
	objectVersion = 56;
	objects = {

/* Begin PBXBuildFile section */
		F4F521752B3440D7000E6E1E /* AppDelegate.swift in Sources */ = {isa = PBXBuildFile; fileRef = F4F521742B3440D7000E6E1E /* AppDelegate.swift */; };
		F4F521772B3440D7000E6E1E /* SceneDelegate.swift in Sources */ = {isa = PBXBuildFile; fileRef = F4F521762B3440D7000E6E1E /* SceneDelegate.swift */; };
		F4F521792B3440D7000E6E1E /* ViewController.swift in Sources */ = {isa = PBXBuildFile; fileRef = F4F521782B3440D7000E6E1E /* ViewController.swift */; };
		F4F5217E2B3440DA000E6E1E /* Assets.xcassets in Resources */ = {isa = PBXBuildFile; fileRef = F4F5217D2B3440DA000E6E1E /* Assets.xcassets */; };
		F4F521812B3440DA000E6E1E /* LaunchScreen.storyboard in Resources */ = {isa = PBXBuildFile; fileRef = F4F5217F2B3440DA000E6E1E /* LaunchScreen.storyboard */; };
		F4F5218C2B346373000E6E1E /* UserDefaultToken.swift in Sources */ = {isa = PBXBuildFile; fileRef = F4F5218B2B346373000E6E1E /* UserDefaultToken.swift */; };
/* End PBXBuildFile section */

/* Begin PBXFileReference section */
		F4F521712B3440D7000E6E1E /* Going-iOS.app */ = {isa = PBXFileReference; explicitFileType = wrapper.application; includeInIndex = 0; path = "Going-iOS.app"; sourceTree = BUILT_PRODUCTS_DIR; };
		F4F521742B3440D7000E6E1E /* AppDelegate.swift */ = {isa = PBXFileReference; lastKnownFileType = sourcecode.swift; path = AppDelegate.swift; sourceTree = "<group>"; };
		F4F521762B3440D7000E6E1E /* SceneDelegate.swift */ = {isa = PBXFileReference; lastKnownFileType = sourcecode.swift; path = SceneDelegate.swift; sourceTree = "<group>"; };
		F4F521782B3440D7000E6E1E /* ViewController.swift */ = {isa = PBXFileReference; lastKnownFileType = sourcecode.swift; path = ViewController.swift; sourceTree = "<group>"; };
		F4F5217D2B3440DA000E6E1E /* Assets.xcassets */ = {isa = PBXFileReference; lastKnownFileType = folder.assetcatalog; path = Assets.xcassets; sourceTree = "<group>"; };
		F4F521802B3440DA000E6E1E /* Base */ = {isa = PBXFileReference; lastKnownFileType = file.storyboard; name = Base; path = Base.lproj/LaunchScreen.storyboard; sourceTree = "<group>"; };
		F4F521822B3440DA000E6E1E /* Info.plist */ = {isa = PBXFileReference; lastKnownFileType = text.plist.xml; path = Info.plist; sourceTree = "<group>"; };
		F4F5218B2B346373000E6E1E /* UserDefaultToken.swift */ = {isa = PBXFileReference; lastKnownFileType = sourcecode.swift; path = UserDefaultToken.swift; sourceTree = "<group>"; };
		F4F521952B346576000E6E1E /* Development.xcconfig */ = {isa = PBXFileReference; lastKnownFileType = text.xcconfig; path = Development.xcconfig; sourceTree = "<group>"; };
/* End PBXFileReference section */

/* Begin PBXFrameworksBuildPhase section */
		F4F5216E2B3440D7000E6E1E /* Frameworks */ = {
			isa = PBXFrameworksBuildPhase;
			buildActionMask = 2147483647;
			files = (
			);
			runOnlyForDeploymentPostprocessing = 0;
		};
/* End PBXFrameworksBuildPhase section */

/* Begin PBXGroup section */
		F4F521682B3440D7000E6E1E = {
			isa = PBXGroup;
			children = (
				F4F521732B3440D7000E6E1E /* Going-iOS */,
				F4F521722B3440D7000E6E1E /* Products */,
			);
			sourceTree = "<group>";
		};
		F4F521722B3440D7000E6E1E /* Products */ = {
			isa = PBXGroup;
			children = (
				F4F521712B3440D7000E6E1E /* Going-iOS.app */,
			);
			name = Products;
			sourceTree = "<group>";
		};
		F4F521732B3440D7000E6E1E /* Going-iOS */ = {
			isa = PBXGroup;
			children = (
				F4F5219A2B3467FD000E6E1E /* Scene */,
				F4F521962B346760000E6E1E /* Network */,
				F4F521882B344ED1000E6E1E /* Application */,
				F4F521892B3462FC000E6E1E /* Global */,
				F4F521782B3440D7000E6E1E /* ViewController.swift */,
			);
			path = "Going-iOS";
			sourceTree = "<group>";
		};
		F4F521882B344ED1000E6E1E /* Application */ = {
			isa = PBXGroup;
			children = (
				F4F5217F2B3440DA000E6E1E /* LaunchScreen.storyboard */,
				F4F521762B3440D7000E6E1E /* SceneDelegate.swift */,
				F4F521742B3440D7000E6E1E /* AppDelegate.swift */,
			);
			path = Application;
			sourceTree = "<group>";
		};
		F4F521892B3462FC000E6E1E /* Global */ = {
			isa = PBXGroup;
			children = (
				F4F521932B3464BD000E6E1E /* Settings */,
				F4F521912B346453000E6E1E /* Resources */,
				F4F521902B34642A000E6E1E /* UIComponents */,
				F4F5218F2B34640F000E6E1E /* Protocols */,
				F4F5218E2B3463E5000E6E1E /* Literals */,
				F4F5218D2B346394000E6E1E /* Extensions */,
				F4F5218A2B346333000E6E1E /* UserDefault */,
			);
			path = Global;
			sourceTree = "<group>";
		};
		F4F5218A2B346333000E6E1E /* UserDefault */ = {
			isa = PBXGroup;
			children = (
				F4F5218B2B346373000E6E1E /* UserDefaultToken.swift */,
			);
			path = UserDefault;
			sourceTree = "<group>";
		};
		F4F5218D2B346394000E6E1E /* Extensions */ = {
			isa = PBXGroup;
			children = (
			);
			path = Extensions;
			sourceTree = "<group>";
		};
		F4F5218E2B3463E5000E6E1E /* Literals */ = {
			isa = PBXGroup;
			children = (
			);
			path = Literals;
			sourceTree = "<group>";
		};
		F4F5218F2B34640F000E6E1E /* Protocols */ = {
			isa = PBXGroup;
			children = (
			);
			path = Protocols;
			sourceTree = "<group>";
		};
		F4F521902B34642A000E6E1E /* UIComponents */ = {
			isa = PBXGroup;
			children = (
			);
			path = UIComponents;
			sourceTree = "<group>";
		};
		F4F521912B346453000E6E1E /* Resources */ = {
			isa = PBXGroup;
			children = (
				F4F521922B34648F000E6E1E /* Font */,
				F4F5217D2B3440DA000E6E1E /* Assets.xcassets */,
			);
			path = Resources;
			sourceTree = "<group>";
		};
		F4F521922B34648F000E6E1E /* Font */ = {
			isa = PBXGroup;
			children = (
			);
			path = Font;
			sourceTree = "<group>";
		};
		F4F521932B3464BD000E6E1E /* Settings */ = {
			isa = PBXGroup;
			children = (
				F4F521942B3464D8000E6E1E /* Configurations */,
				F4F521822B3440DA000E6E1E /* Info.plist */,
			);
			path = Settings;
			sourceTree = "<group>";
		};
		F4F521942B3464D8000E6E1E /* Configurations */ = {
			isa = PBXGroup;
			children = (
				F4F521952B346576000E6E1E /* Development.xcconfig */,
			);
			path = Configurations;
			sourceTree = "<group>";
		};
		F4F521962B346760000E6E1E /* Network */ = {
			isa = PBXGroup;
			children = (
				F4F521992B346782000E6E1E /* Base */,
				F4F521982B346778000E6E1E /* Services */,
				F4F521972B34676D000E6E1E /* DTO */,
			);
			path = Network;
			sourceTree = "<group>";
		};
		F4F521972B34676D000E6E1E /* DTO */ = {
			isa = PBXGroup;
			children = (
			);
			path = DTO;
			sourceTree = "<group>";
		};
		F4F521982B346778000E6E1E /* Services */ = {
			isa = PBXGroup;
			children = (
			);
			path = Services;
			sourceTree = "<group>";
		};
		F4F521992B346782000E6E1E /* Base */ = {
			isa = PBXGroup;
			children = (
			);
			path = Base;
			sourceTree = "<group>";
		};
		F4F5219A2B3467FD000E6E1E /* Scene */ = {
			isa = PBXGroup;
			children = (
				F4F5219B2B346843000E6E1E /* Login */,
			);
			path = Scene;
			sourceTree = "<group>";
		};
		F4F5219B2B346843000E6E1E /* Login */ = {
			isa = PBXGroup;
			children = (
				F4F5219F2B346875000E6E1E /* Cells */,
				F4F5219E2B346870000E6E1E /* Models */,
				F4F5219D2B346867000E6E1E /* Views */,
				F4F5219C2B34685F000E6E1E /* ViewControllers */,
			);
			path = Login;
			sourceTree = "<group>";
		};
		F4F5219C2B34685F000E6E1E /* ViewControllers */ = {
			isa = PBXGroup;
			children = (
			);
			path = ViewControllers;
			sourceTree = "<group>";
		};
		F4F5219D2B346867000E6E1E /* Views */ = {
			isa = PBXGroup;
			children = (
			);
			path = Views;
			sourceTree = "<group>";
		};
		F4F5219E2B346870000E6E1E /* Models */ = {
			isa = PBXGroup;
			children = (
			);
			path = Models;
			sourceTree = "<group>";
		};
		F4F5219F2B346875000E6E1E /* Cells */ = {
			isa = PBXGroup;
			children = (
			);
			path = Cells;
			sourceTree = "<group>";
		};
/* End PBXGroup section */

/* Begin PBXNativeTarget section */
		F4F521702B3440D7000E6E1E /* Going-iOS */ = {
			isa = PBXNativeTarget;
			buildConfigurationList = F4F521852B3440DA000E6E1E /* Build configuration list for PBXNativeTarget "Going-iOS" */;
			buildPhases = (
				F4F5216D2B3440D7000E6E1E /* Sources */,
				F4F5216E2B3440D7000E6E1E /* Frameworks */,
				F4F5216F2B3440D7000E6E1E /* Resources */,
			);
			buildRules = (
			);
			dependencies = (
			);
			name = "Going-iOS";
			productName = "Going-iOS";
			productReference = F4F521712B3440D7000E6E1E /* Going-iOS.app */;
			productType = "com.apple.product-type.application";
		};
/* End PBXNativeTarget section */

/* Begin PBXProject section */
		F4F521692B3440D7000E6E1E /* Project object */ = {
			isa = PBXProject;
			attributes = {
				BuildIndependentTargetsInParallel = 1;
				LastSwiftUpdateCheck = 1510;
				LastUpgradeCheck = 1510;
				TargetAttributes = {
					F4F521702B3440D7000E6E1E = {
						CreatedOnToolsVersion = 15.1;
					};
				};
			};
			buildConfigurationList = F4F5216C2B3440D7000E6E1E /* Build configuration list for PBXProject "Going-iOS" */;
			compatibilityVersion = "Xcode 14.0";
			developmentRegion = en;
			hasScannedForEncodings = 0;
			knownRegions = (
				en,
				Base,
			);
			mainGroup = F4F521682B3440D7000E6E1E;
			productRefGroup = F4F521722B3440D7000E6E1E /* Products */;
			projectDirPath = "";
			projectRoot = "";
			targets = (
				F4F521702B3440D7000E6E1E /* Going-iOS */,
			);
		};
/* End PBXProject section */

/* Begin PBXResourcesBuildPhase section */
		F4F5216F2B3440D7000E6E1E /* Resources */ = {
			isa = PBXResourcesBuildPhase;
			buildActionMask = 2147483647;
			files = (
				F4F521812B3440DA000E6E1E /* LaunchScreen.storyboard in Resources */,
				F4F5217E2B3440DA000E6E1E /* Assets.xcassets in Resources */,
			);
			runOnlyForDeploymentPostprocessing = 0;
		};
/* End PBXResourcesBuildPhase section */

/* Begin PBXSourcesBuildPhase section */
		F4F5216D2B3440D7000E6E1E /* Sources */ = {
			isa = PBXSourcesBuildPhase;
			buildActionMask = 2147483647;
			files = (
				F4F521792B3440D7000E6E1E /* ViewController.swift in Sources */,
				F4F521752B3440D7000E6E1E /* AppDelegate.swift in Sources */,
				F4F5218C2B346373000E6E1E /* UserDefaultToken.swift in Sources */,
				F4F521772B3440D7000E6E1E /* SceneDelegate.swift in Sources */,
			);
			runOnlyForDeploymentPostprocessing = 0;
		};
/* End PBXSourcesBuildPhase section */

/* Begin PBXVariantGroup section */
		F4F5217F2B3440DA000E6E1E /* LaunchScreen.storyboard */ = {
			isa = PBXVariantGroup;
			children = (
				F4F521802B3440DA000E6E1E /* Base */,
			);
			name = LaunchScreen.storyboard;
			sourceTree = "<group>";
		};
/* End PBXVariantGroup section */

/* Begin XCBuildConfiguration section */
		F4F521832B3440DA000E6E1E /* Debug */ = {
			isa = XCBuildConfiguration;
			buildSettings = {
				ALWAYS_SEARCH_USER_PATHS = NO;
				ASSETCATALOG_COMPILER_GENERATE_SWIFT_ASSET_SYMBOL_EXTENSIONS = YES;
				CLANG_ANALYZER_NONNULL = YES;
				CLANG_ANALYZER_NUMBER_OBJECT_CONVERSION = YES_AGGRESSIVE;
				CLANG_CXX_LANGUAGE_STANDARD = "gnu++20";
				CLANG_ENABLE_MODULES = YES;
				CLANG_ENABLE_OBJC_ARC = YES;
				CLANG_ENABLE_OBJC_WEAK = YES;
				CLANG_WARN_BLOCK_CAPTURE_AUTORELEASING = YES;
				CLANG_WARN_BOOL_CONVERSION = YES;
				CLANG_WARN_COMMA = YES;
				CLANG_WARN_CONSTANT_CONVERSION = YES;
				CLANG_WARN_DEPRECATED_OBJC_IMPLEMENTATIONS = YES;
				CLANG_WARN_DIRECT_OBJC_ISA_USAGE = YES_ERROR;
				CLANG_WARN_DOCUMENTATION_COMMENTS = YES;
				CLANG_WARN_EMPTY_BODY = YES;
				CLANG_WARN_ENUM_CONVERSION = YES;
				CLANG_WARN_INFINITE_RECURSION = YES;
				CLANG_WARN_INT_CONVERSION = YES;
				CLANG_WARN_NON_LITERAL_NULL_CONVERSION = YES;
				CLANG_WARN_OBJC_IMPLICIT_RETAIN_SELF = YES;
				CLANG_WARN_OBJC_LITERAL_CONVERSION = YES;
				CLANG_WARN_OBJC_ROOT_CLASS = YES_ERROR;
				CLANG_WARN_QUOTED_INCLUDE_IN_FRAMEWORK_HEADER = YES;
				CLANG_WARN_RANGE_LOOP_ANALYSIS = YES;
				CLANG_WARN_STRICT_PROTOTYPES = YES;
				CLANG_WARN_SUSPICIOUS_MOVE = YES;
				CLANG_WARN_UNGUARDED_AVAILABILITY = YES_AGGRESSIVE;
				CLANG_WARN_UNREACHABLE_CODE = YES;
				CLANG_WARN__DUPLICATE_METHOD_MATCH = YES;
				COPY_PHASE_STRIP = NO;
				DEBUG_INFORMATION_FORMAT = dwarf;
				ENABLE_STRICT_OBJC_MSGSEND = YES;
				ENABLE_TESTABILITY = YES;
				ENABLE_USER_SCRIPT_SANDBOXING = YES;
				GCC_C_LANGUAGE_STANDARD = gnu17;
				GCC_DYNAMIC_NO_PIC = NO;
				GCC_NO_COMMON_BLOCKS = YES;
				GCC_OPTIMIZATION_LEVEL = 0;
				GCC_PREPROCESSOR_DEFINITIONS = (
					"DEBUG=1",
					"$(inherited)",
				);
				GCC_WARN_64_TO_32_BIT_CONVERSION = YES;
				GCC_WARN_ABOUT_RETURN_TYPE = YES_ERROR;
				GCC_WARN_UNDECLARED_SELECTOR = YES;
				GCC_WARN_UNINITIALIZED_AUTOS = YES_AGGRESSIVE;
				GCC_WARN_UNUSED_FUNCTION = YES;
				GCC_WARN_UNUSED_VARIABLE = YES;
				IPHONEOS_DEPLOYMENT_TARGET = 17.2;
				LOCALIZATION_PREFERS_STRING_CATALOGS = YES;
				MTL_ENABLE_DEBUG_INFO = INCLUDE_SOURCE;
				MTL_FAST_MATH = YES;
				ONLY_ACTIVE_ARCH = YES;
				SDKROOT = iphoneos;
				SWIFT_ACTIVE_COMPILATION_CONDITIONS = "DEBUG $(inherited)";
				SWIFT_OPTIMIZATION_LEVEL = "-Onone";
			};
			name = Debug;
		};
		F4F521842B3440DA000E6E1E /* Release */ = {
			isa = XCBuildConfiguration;
			buildSettings = {
				ALWAYS_SEARCH_USER_PATHS = NO;
				ASSETCATALOG_COMPILER_GENERATE_SWIFT_ASSET_SYMBOL_EXTENSIONS = YES;
				CLANG_ANALYZER_NONNULL = YES;
				CLANG_ANALYZER_NUMBER_OBJECT_CONVERSION = YES_AGGRESSIVE;
				CLANG_CXX_LANGUAGE_STANDARD = "gnu++20";
				CLANG_ENABLE_MODULES = YES;
				CLANG_ENABLE_OBJC_ARC = YES;
				CLANG_ENABLE_OBJC_WEAK = YES;
				CLANG_WARN_BLOCK_CAPTURE_AUTORELEASING = YES;
				CLANG_WARN_BOOL_CONVERSION = YES;
				CLANG_WARN_COMMA = YES;
				CLANG_WARN_CONSTANT_CONVERSION = YES;
				CLANG_WARN_DEPRECATED_OBJC_IMPLEMENTATIONS = YES;
				CLANG_WARN_DIRECT_OBJC_ISA_USAGE = YES_ERROR;
				CLANG_WARN_DOCUMENTATION_COMMENTS = YES;
				CLANG_WARN_EMPTY_BODY = YES;
				CLANG_WARN_ENUM_CONVERSION = YES;
				CLANG_WARN_INFINITE_RECURSION = YES;
				CLANG_WARN_INT_CONVERSION = YES;
				CLANG_WARN_NON_LITERAL_NULL_CONVERSION = YES;
				CLANG_WARN_OBJC_IMPLICIT_RETAIN_SELF = YES;
				CLANG_WARN_OBJC_LITERAL_CONVERSION = YES;
				CLANG_WARN_OBJC_ROOT_CLASS = YES_ERROR;
				CLANG_WARN_QUOTED_INCLUDE_IN_FRAMEWORK_HEADER = YES;
				CLANG_WARN_RANGE_LOOP_ANALYSIS = YES;
				CLANG_WARN_STRICT_PROTOTYPES = YES;
				CLANG_WARN_SUSPICIOUS_MOVE = YES;
				CLANG_WARN_UNGUARDED_AVAILABILITY = YES_AGGRESSIVE;
				CLANG_WARN_UNREACHABLE_CODE = YES;
				CLANG_WARN__DUPLICATE_METHOD_MATCH = YES;
				COPY_PHASE_STRIP = NO;
				DEBUG_INFORMATION_FORMAT = "dwarf-with-dsym";
				ENABLE_NS_ASSERTIONS = NO;
				ENABLE_STRICT_OBJC_MSGSEND = YES;
				ENABLE_USER_SCRIPT_SANDBOXING = YES;
				GCC_C_LANGUAGE_STANDARD = gnu17;
				GCC_NO_COMMON_BLOCKS = YES;
				GCC_WARN_64_TO_32_BIT_CONVERSION = YES;
				GCC_WARN_ABOUT_RETURN_TYPE = YES_ERROR;
				GCC_WARN_UNDECLARED_SELECTOR = YES;
				GCC_WARN_UNINITIALIZED_AUTOS = YES_AGGRESSIVE;
				GCC_WARN_UNUSED_FUNCTION = YES;
				GCC_WARN_UNUSED_VARIABLE = YES;
				IPHONEOS_DEPLOYMENT_TARGET = 17.2;
				LOCALIZATION_PREFERS_STRING_CATALOGS = YES;
				MTL_ENABLE_DEBUG_INFO = NO;
				MTL_FAST_MATH = YES;
				SDKROOT = iphoneos;
				SWIFT_COMPILATION_MODE = wholemodule;
				VALIDATE_PRODUCT = YES;
			};
			name = Release;
		};
		F4F521862B3440DA000E6E1E /* Debug */ = {
			isa = XCBuildConfiguration;
			baseConfigurationReference = F4F521952B346576000E6E1E /* Development.xcconfig */;
			buildSettings = {
				ASSETCATALOG_COMPILER_APPICON_NAME = AppIcon;
				ASSETCATALOG_COMPILER_GLOBAL_ACCENT_COLOR_NAME = AccentColor;
				CODE_SIGN_STYLE = Automatic;
				CURRENT_PROJECT_VERSION = 1;
				DEVELOPMENT_TEAM = HV6BJXV65Q;
				GENERATE_INFOPLIST_FILE = YES;
				INFOPLIST_FILE = "Going-iOS/Info.plist";
				INFOPLIST_KEY_UIApplicationSupportsIndirectInputEvents = YES;
				INFOPLIST_KEY_UIMainStoryboardFile = Main;
				INFOPLIST_KEY_UISupportedInterfaceOrientations_iPad = "UIInterfaceOrientationPortrait UIInterfaceOrientationPortraitUpsideDown UIInterfaceOrientationLandscapeLeft UIInterfaceOrientationLandscapeRight";
				INFOPLIST_KEY_UISupportedInterfaceOrientations_iPhone = "UIInterfaceOrientationPortrait UIInterfaceOrientationLandscapeLeft UIInterfaceOrientationLandscapeRight";
				IPHONEOS_DEPLOYMENT_TARGET = 15.0;
				LD_RUNPATH_SEARCH_PATHS = (
					"$(inherited)",
					"@executable_path/Frameworks",
				);
				MARKETING_VERSION = 1.0;
				PRODUCT_BUNDLE_IDENTIFIER = "com.Going.Going-iOS.Going-iOS";
				PRODUCT_NAME = "$(TARGET_NAME)";
				SWIFT_EMIT_LOC_STRINGS = YES;
				SWIFT_VERSION = 5.0;
				TARGETED_DEVICE_FAMILY = "1,2";
			};
			name = Debug;
		};
		F4F521872B3440DA000E6E1E /* Release */ = {
			isa = XCBuildConfiguration;
			baseConfigurationReference = F4F521952B346576000E6E1E /* Development.xcconfig */;
			buildSettings = {
				ASSETCATALOG_COMPILER_APPICON_NAME = AppIcon;
				ASSETCATALOG_COMPILER_GLOBAL_ACCENT_COLOR_NAME = AccentColor;
				CODE_SIGN_STYLE = Automatic;
				CURRENT_PROJECT_VERSION = 1;
				DEVELOPMENT_TEAM = HV6BJXV65Q;
				GENERATE_INFOPLIST_FILE = YES;
				INFOPLIST_FILE = "Going-iOS/Info.plist";
				INFOPLIST_KEY_UIApplicationSupportsIndirectInputEvents = YES;
				INFOPLIST_KEY_UIMainStoryboardFile = Main;
				INFOPLIST_KEY_UISupportedInterfaceOrientations_iPad = "UIInterfaceOrientationPortrait UIInterfaceOrientationPortraitUpsideDown UIInterfaceOrientationLandscapeLeft UIInterfaceOrientationLandscapeRight";
				INFOPLIST_KEY_UISupportedInterfaceOrientations_iPhone = "UIInterfaceOrientationPortrait UIInterfaceOrientationLandscapeLeft UIInterfaceOrientationLandscapeRight";
				IPHONEOS_DEPLOYMENT_TARGET = 15.0;
				LD_RUNPATH_SEARCH_PATHS = (
					"$(inherited)",
					"@executable_path/Frameworks",
				);
				MARKETING_VERSION = 1.0;
				PRODUCT_BUNDLE_IDENTIFIER = "com.Going.Going-iOS.Going-iOS";
				PRODUCT_NAME = "$(TARGET_NAME)";
				SWIFT_EMIT_LOC_STRINGS = YES;
				SWIFT_VERSION = 5.0;
				TARGETED_DEVICE_FAMILY = "1,2";
			};
			name = Release;
		};
/* End XCBuildConfiguration section */

/* Begin XCConfigurationList section */
		F4F5216C2B3440D7000E6E1E /* Build configuration list for PBXProject "Going-iOS" */ = {
			isa = XCConfigurationList;
			buildConfigurations = (
				F4F521832B3440DA000E6E1E /* Debug */,
				F4F521842B3440DA000E6E1E /* Release */,
			);
			defaultConfigurationIsVisible = 0;
			defaultConfigurationName = Release;
		};
		F4F521852B3440DA000E6E1E /* Build configuration list for PBXNativeTarget "Going-iOS" */ = {
			isa = XCConfigurationList;
			buildConfigurations = (
				F4F521862B3440DA000E6E1E /* Debug */,
				F4F521872B3440DA000E6E1E /* Release */,
			);
			defaultConfigurationIsVisible = 0;
			defaultConfigurationName = Release;
		};
/* End XCConfigurationList section */
	};
	rootObject = F4F521692B3440D7000E6E1E /* Project object */;
}
